
Microsoft Visual Studio Solution File, Format Version 12.00
# Visual Studio Version 16
VisualStudioVersion = 16.0.33130.400
MinimumVisualStudioVersion = 10.0.40219.1
Project("{8BC9CEB8-8B4A-11D0-8D11-00A0C91BC942}") = "Project1", "Project1.vcxproj", "{50650DCB-9B34-489F-8316-4D75CB9E2973}"
EndProject
Project("{8BC9CEB8-8B4A-11D0-8D11-00A0C91BC942}") = "Sample-Test1", "..\Sample-Test1\Sample-Test1.vcxproj", "{697EBA4F-B6C6-47AB-8013-1A719A60F55B}"
EndProject
Global
	GlobalSection(SolutionConfigurationPlatforms) = preSolution
		Debug|x64 = Debug|x64
		Debug|x86 = Debug|x86
		Release|x64 = Release|x64
		Release|x86 = Release|x86
	EndGlobalSection
	GlobalSection(ProjectConfigurationPlatforms) = postSolution
		{50650DCB-9B34-489F-8316-4D75CB9E2973}.Debug|x64.ActiveCfg = Debug|x64
		{50650DCB-9B34-489F-8316-4D75CB9E2973}.Debug|x64.Build.0 = Debug|x64
		{50650DCB-9B34-489F-8316-4D75CB9E2973}.Debug|x86.ActiveCfg = Debug|Win32
		{50650DCB-9B34-489F-8316-4D75CB9E2973}.Debug|x86.Build.0 = Debug|Win32
		{50650DCB-9B34-489F-8316-4D75CB9E2973}.Release|x64.ActiveCfg = Release|x64
		{50650DCB-9B34-489F-8316-4D75CB9E2973}.Release|x64.Build.0 = Release|x64
		{50650DCB-9B34-489F-8316-4D75CB9E2973}.Release|x86.ActiveCfg = Release|Win32
		{50650DCB-9B34-489F-8316-4D75CB9E2973}.Release|x86.Build.0 = Release|Win32
		{697EBA4F-B6C6-47AB-8013-1A719A60F55B}.Debug|x64.ActiveCfg = Debug|x64
		{697EBA4F-B6C6-47AB-8013-1A719A60F55B}.Debug|x64.Build.0 = Debug|x64
		{697EBA4F-B6C6-47AB-8013-1A719A60F55B}.Debug|x86.ActiveCfg = Debug|Win32
		{697EBA4F-B6C6-47AB-8013-1A719A60F55B}.Debug|x86.Build.0 = Debug|Win32
		{697EBA4F-B6C6-47AB-8013-1A719A60F55B}.Release|x64.ActiveCfg = Release|x64
		{697EBA4F-B6C6-47AB-8013-1A719A60F55B}.Release|x64.Build.0 = Release|x64
		{697EBA4F-B6C6-47AB-8013-1A719A60F55B}.Release|x86.ActiveCfg = Release|Win32
		{697EBA4F-B6C6-47AB-8013-1A719A60F55B}.Release|x86.Build.0 = Release|Win32
	EndGlobalSection
	GlobalSection(SolutionProperties) = preSolution
		HideSolutionNode = FALSE
	EndGlobalSection
	GlobalSection(ExtensibilityGlobals) = postSolution
		SolutionGuid = {226266B4-E823-42BA-81FF-FFE156152A24}
	EndGlobalSection
EndGlobal
